<?xml version="1.0" encoding="utf-8"?>
<Project ToolsVersion="15.0" xmlns="http://schemas.microsoft.com/developer/msbuild/2003">
  <ItemGroup>
    <Filter Include="JUCE Library Code">
      <UniqueIdentifier>{7ED5A90E-41AF-A1EF-659B-37CEEAB9BA61}</UniqueIdentifier>
    </Filter>
  </ItemGroup>
  <ItemGroup>
    <ClCompile Include="..\..\JuceLibraryCode\include_juce_audio_plugin_client_VST2.cpp">
      <Filter>JUCE Library Code</Filter>
    </ClCompile>
  </ItemGroup>
  <ItemGroup>
    <None Include="lib\libFLAC-8.dll" />
    <None Include="lib\libfluidsynth-1.dll" />
    <None Include="lib\libglib-2.0-0.dll" />
    <None Include="lib\libiconv-2.dll" />
    <None Include="lib\libintl-8.dll" />
    <None Include="lib\libogg-0.dll" />
    <None Include="lib\libpcre-1.dll" />
    <None Include="lib\libportaudio-2.dll" />
    <None Include="lib\libreadline7.dll" />
    <None Include="lib\libsndfile-1.dll" />
    <None Include="lib\libspeex-1.dll" />
    <None Include="lib\libtermcap-0.dll" />
    <None Include="lib\libvorbis-0.dll" />
    <None Include="lib\libvorbisenc-2.dll" />
    <None Include="lib\libwinpthread-1.dll" />
  </ItemGroup>
  <ItemGroup>
    <ResourceCompile Include=".\resources.rc">
      <Filter>JUCE Library Code</Filter>
    </ResourceCompile>
  </ItemGroup>
</Project>