Microsoft Visual Studio Solution File, Format Version 11.00
# Visual Studio 2017

Project("{8BC9CEB8-8B4A-11D0-8D11-00A0C91BC942}") = "juicysfplugin - Standalone Plugin", "juicysfplugin_StandalonePlugin.vcxproj", "{7C3AB9BE-365A-0EF7-AA2A-5B044FE497E5}"
	ProjectSection(ProjectDependencies) = postProject
		{81231CE9-96E4-09DA-53C7-714106FA6BD5} = {81231CE9-96E4-09DA-53C7-714106FA6BD5}
	EndProjectSection
EndProject
Project("{8BC9CEB8-8B4A-11D0-8D11-00A0C91BC942}") = "juicysfplugin - VST3", "juicysfplugin_VST3.vcxproj", "{70A2C49A-5DF9-60C9-981B-D030ADE816BF}"
	ProjectSection(ProjectDependencies) = postProject
		{81231CE9-96E4-09DA-53C7-714106FA6BD5} = {81231CE9-96E4-09DA-53C7-714106FA6BD5}
	EndProjectSection
EndProject
Project("{8BC9CEB8-8B4A-11D0-8D11-00A0C91BC942}") = "juicysfplugin - Shared Code", "juicysfplugin_SharedCode.vcxproj", "{81231CE9-96E4-09DA-53C7-714106FA6BD5}"
EndProject
Global
	GlobalSection(SolutionConfigurationPlatforms) = preSolution
		Debug|x64 = Debug|x64
		Release|x64 = Release|x64
	EndGlobalSection
	GlobalSection(ProjectConfigurationPlatforms) = postSolution
		{70A2C49A-5DF9-60C9-981B-D030ADE816BF}.Debug|x64.ActiveCfg = Debug|x64
		{70A2C49A-5DF9-60C9-981B-D030ADE816BF}.Debug|x64.Build.0 = Debug|x64
		{70A2C49A-5DF9-60C9-981B-D030ADE816BF}.Release|x64.ActiveCfg = Release|x64
		{70A2C49A-5DF9-60C9-981B-D030ADE816BF}.Release|x64.Build.0 = Release|x64
		{7C3AB9BE-365A-0EF7-AA2A-5B044FE497E5}.Debug|x64.ActiveCfg = Debug|x64
		{7C3AB9BE-365A-0EF7-AA2A-5B044FE497E5}.Debug|x64.Build.0 = Debug|x64
		{7C3AB9BE-365A-0EF7-AA2A-5B044FE497E5}.Release|x64.ActiveCfg = Release|x64
		{7C3AB9BE-365A-0EF7-AA2A-5B044FE497E5}.Release|x64.Build.0 = Release|x64
		{81231CE9-96E4-09DA-53C7-714106FA6BD5}.Debug|x64.ActiveCfg = Debug|x64
		{81231CE9-96E4-09DA-53C7-714106FA6BD5}.Debug|x64.Build.0 = Debug|x64
		{81231CE9-96E4-09DA-53C7-714106FA6BD5}.Release|x64.ActiveCfg = Release|x64
		{81231CE9-96E4-09DA-53C7-714106FA6BD5}.Release|x64.Build.0 = Release|x64
	EndGlobalSection
	GlobalSection(SolutionProperties) = preSolution
		HideSolutionNode = FALSE
	EndGlobalSection
EndGlobal
